
Microsoft Visual Studio Solution File, Format Version 12.00
# Visual Studio Version 17
VisualStudioVersion = 17.4.33205.214
MinimumVisualStudioVersion = 10.0.40219.1
Project("{9A19103F-16F7-4668-BE54-9A1E7A4F7556}") = "PingLight.App", "PingLight.App\PingLight.App.csproj", "{B8D5DCFD-ED7F-4B4E-8FAE-80C59F37524A}"
EndProject
Project("{9A19103F-16F7-4668-BE54-9A1E7A4F7556}") = "PingLight.Lambda", "PingLight.Lambda\PingLight.Lambda.csproj", "{58F6B0C2-DEC6-4053-9ED9-F969DEE6389F}"
EndProject
Project("{FAE04EC0-301F-11D3-BF4B-00C04F79EFBC}") = "PingLight.Core", "PingLight.Core\PingLight.Core.csproj", "{E205432C-CAE4-47D6-9F8D-9F6296B88D75}"
EndProject
Global
	GlobalSection(SolutionConfigurationPlatforms) = preSolution
		Debug|Any CPU = Debug|Any CPU
		Release|Any CPU = Release|Any CPU
	EndGlobalSection
	GlobalSection(ProjectConfigurationPlatforms) = postSolution
		{B8D5DCFD-ED7F-4B4E-8FAE-80C59F37524A}.Debug|Any CPU.ActiveCfg = Debug|Any CPU
		{B8D5DCFD-ED7F-4B4E-8FAE-80C59F37524A}.Debug|Any CPU.Build.0 = Debug|Any CPU
		{B8D5DCFD-ED7F-4B4E-8FAE-80C59F37524A}.Release|Any CPU.ActiveCfg = Release|Any CPU
		{B8D5DCFD-ED7F-4B4E-8FAE-80C59F37524A}.Release|Any CPU.Build.0 = Release|Any CPU
		{58F6B0C2-DEC6-4053-9ED9-F969DEE6389F}.Debug|Any CPU.ActiveCfg = Debug|Any CPU
		{58F6B0C2-DEC6-4053-9ED9-F969DEE6389F}.Debug|Any CPU.Build.0 = Debug|Any CPU
		{58F6B0C2-DEC6-4053-9ED9-F969DEE6389F}.Release|Any CPU.ActiveCfg = Release|Any CPU
		{58F6B0C2-DEC6-4053-9ED9-F969DEE6389F}.Release|Any CPU.Build.0 = Release|Any CPU
		{E205432C-CAE4-47D6-9F8D-9F6296B88D75}.Debug|Any CPU.ActiveCfg = Debug|Any CPU
		{E205432C-CAE4-47D6-9F8D-9F6296B88D75}.Debug|Any CPU.Build.0 = Debug|Any CPU
		{E205432C-CAE4-47D6-9F8D-9F6296B88D75}.Release|Any CPU.ActiveCfg = Release|Any CPU
		{E205432C-CAE4-47D6-9F8D-9F6296B88D75}.Release|Any CPU.Build.0 = Release|Any CPU
	EndGlobalSection
	GlobalSection(SolutionProperties) = preSolution
		HideSolutionNode = FALSE
	EndGlobalSection
	GlobalSection(ExtensibilityGlobals) = postSolution
		SolutionGuid = {0428F7FE-7083-4EA6-96E0-6E900B7AC90B}
	EndGlobalSection
EndGlobal
